{
  "name": "playwright",
  "version": "1.0.0",
  "lockfileVersion": 1,
  "requires": true,
  "dependencies": {
    "@playwright/test": {
      "version": "1.37.1",
      "resolved": "https://registry.npmjs.org/@playwright/test/-/test-1.37.1.tgz",
      "integrity": "sha512-bq9zTli3vWJo8S3LwB91U0qDNQDpEXnw7knhxLM0nwDvexQAwx9tO8iKDZSqqneVq+URd/WIoz+BALMqUTgdSg==",
      "dev": true,
      "requires": {
        "@types/node": "*",
        "fsevents": "2.3.2",
        "playwright-core": "1.37.1"
      }
    },
    "@types/node": {
      "version": "20.5.1",
      "resolved": "https://registry.npmjs.org/@types/node/-/node-20.5.1.tgz",
      "integrity": "sha512-4tT2UrL5LBqDwoed9wZ6N3umC4Yhz3W3FloMmiiG4JwmUJWpie0c7lcnUNd4gtMKuDEO4wRVS8B6Xa0uMRsMKg==",
      "dev": true
    },
    "allure-commandline": {
      "version": "2.24.0",
      "resolved": "https://registry.npmjs.org/allure-commandline/-/allure-commandline-2.24.0.tgz",
      "integrity": "sha512-UuLnq9dOaYAoCCr/hxtxFgDor2/CME3z2Ka2Fj2wN8lRT+v60F+zDN+okrYi77+zFJg4cmCM3jWhEWC9QKja1w==",
      "dev": true
    },
    "allure-js-commons": {
      "version": "2.6.0",
      "resolved": "https://registry.npmjs.org/allure-js-commons/-/allure-js-commons-2.6.0.tgz",
      "integrity": "sha512-J+DVJeFiIKXFxPv6M26ypFp3TvndAbiWYBpCEGbsN5+MbST3l4PldlKJADWQHTCkBSQGzZo+g1VX6ChjTK+0gw==",
      "dev": true,
      "requires": {
        "properties": "^1.2.1",
        "uuid": "^8.3.0"
      }
    },
    "allure-playwright": {
      "version": "2.6.0",
      "resolved": "https://registry.npmjs.org/allure-playwright/-/allure-playwright-2.6.0.tgz",
      "integrity": "sha512-djJCANXhP87mKx8GYcjtWbxqb/aXR+FzQqF4WnK5Mxo0y2wXJbDhEB/e0U4BCu8gWY0zBGRkkIuSayDrFxLj6Q==",
      "dev": true,
      "requires": {
        "allure-js-commons": "2.6.0"
      }
    },
    "fsevents": {
      "version": "2.3.2",
      "resolved": "https://registry.npmjs.org/fsevents/-/fsevents-2.3.2.tgz",
      "integrity": "sha512-xiqMQR4xAeHTuB9uWm+fFRcIOgKBMiOBP+eXiyT7jsgVCq1bkVygt00oASowB7EdtpOHaaPgKt812P9ab+DDKA==",
      "dev": true,
      "optional": true
    },
    "playwright-core": {
      "version": "1.37.1",
      "resolved": "https://registry.npmjs.org/playwright-core/-/playwright-core-1.37.1.tgz",
      "integrity": "sha512-17EuQxlSIYCmEMwzMqusJ2ztDgJePjrbttaefgdsiqeLWidjYz9BxXaTaZWxH1J95SHGk6tjE+dwgWILJoUZfA==",
      "dev": true
    },
    "properties": {
      "version": "1.2.1",
      "resolved": "https://registry.npmjs.org/properties/-/properties-1.2.1.tgz",
      "integrity": "sha512-qYNxyMj1JeW54i/EWEFsM1cVwxJbtgPp8+0Wg9XjNaK6VE/c4oRi6PNu5p7w1mNXEIQIjV5Wwn8v8Gz82/QzdQ==",
      "dev": true
    },
    "uuid": {
      "version": "8.3.2",
      "resolved": "https://registry.npmjs.org/uuid/-/uuid-8.3.2.tgz",
      "integrity": "sha512-+NYs2QeMWy+GWFOEm9xnn6HCDp0l7QBD7ml8zLUmJ+93Q5NF0NocErnwkTkXVFNiX3/fpC6afS8Dhb/gz7R7eg==",
      "dev": true
    }
  }
}
